
Microsoft Visual Studio Solution File, Format Version 12.00
# Visual Studio 14
VisualStudioVersion = 14.0.25420.1
MinimumVisualStudioVersion = 10.0.40219.1
Project("{FAE04EC0-301F-11D3-BF4B-00C04F79EFBC}") = "BANHANG", "BANHANG\BANHANG.csproj", "{F8E0F4A5-5D7A-40C2-9ABC-643BD1DA6FF1}"
EndProject
Global
	GlobalSection(SolutionConfigurationPlatforms) = preSolution
		Debug|Any CPU = Debug|Any CPU
		Release|Any CPU = Release|Any CPU
	EndGlobalSection
	GlobalSection(ProjectConfigurationPlatforms) = postSolution
		{F8E0F4A5-5D7A-40C2-9ABC-643BD1DA6FF1}.Debug|Any CPU.ActiveCfg = Debug|Any CPU
		{F8E0F4A5-5D7A-40C2-9ABC-643BD1DA6FF1}.Debug|Any CPU.Build.0 = Debug|Any CPU
		{F8E0F4A5-5D7A-40C2-9ABC-643BD1DA6FF1}.Release|Any CPU.ActiveCfg = Release|Any CPU
		{F8E0F4A5-5D7A-40C2-9ABC-643BD1DA6FF1}.Release|Any CPU.Build.0 = Release|Any CPU
	EndGlobalSection
	GlobalSection(SolutionProperties) = preSolution
		HideSolutionNode = FALSE
	EndGlobalSection
	GlobalSection(ExtensibilityGlobals) = postSolution
		SolutionGuid = {2AC8AA0E-1EC5-44C4-8003-298C2E3A618C}
	EndGlobalSection
EndGlobal
